
Microsoft Visual Studio Solution File, Format Version 12.00
# Visual Studio Version 16
VisualStudioVersion = 16.0.31911.196
MinimumVisualStudioVersion = 10.0.40219.1
Project("{FAE04EC0-301F-11D3-BF4B-00C04F79EFBC}") = "CRUD", "CRUD.csproj", "{2D9ABD75-3AFA-48C4-9900-2EEC967C9EEB}"
EndProject
Global
	GlobalSection(SolutionConfigurationPlatforms) = preSolution
		Debug|Any CPU = Debug|Any CPU
		Release|Any CPU = Release|Any CPU
	EndGlobalSection
	GlobalSection(ProjectConfigurationPlatforms) = postSolution
		{2D9ABD75-3AFA-48C4-9900-2EEC967C9EEB}.Debug|Any CPU.ActiveCfg = Debug|Any CPU
		{2D9ABD75-3AFA-48C4-9900-2EEC967C9EEB}.Debug|Any CPU.Build.0 = Debug|Any CPU
		{2D9ABD75-3AFA-48C4-9900-2EEC967C9EEB}.Release|Any CPU.ActiveCfg = Release|Any CPU
		{2D9ABD75-3AFA-48C4-9900-2EEC967C9EEB}.Release|Any CPU.Build.0 = Release|Any CPU
	EndGlobalSection
	GlobalSection(SolutionProperties) = preSolution
		HideSolutionNode = FALSE
	EndGlobalSection
	GlobalSection(ExtensibilityGlobals) = postSolution
		SolutionGuid = {75BB33D4-8697-4669-A09D-DB6E7E191136}
	EndGlobalSection
EndGlobal
